
Microsoft Visual Studio Solution File, Format Version 12.00
# Visual Studio 15
VisualStudioVersion = 15.0.28307.136
MinimumVisualStudioVersion = 10.0.40219.1
Project("{FAE04EC0-301F-11D3-BF4B-00C04F79EFBC}") = "RestfulAPI", "RestfulAPI\RestfulAPI.csproj", "{32D8BBBB-6EB7-4512-825D-610039E6647F}"
EndProject
Global
	GlobalSection(SolutionConfigurationPlatforms) = preSolution
		Debug|Any CPU = Debug|Any CPU
		Release|Any CPU = Release|Any CPU
	EndGlobalSection
	GlobalSection(ProjectConfigurationPlatforms) = postSolution
		{32D8BBBB-6EB7-4512-825D-610039E6647F}.Debug|Any CPU.ActiveCfg = Debug|Any CPU
		{32D8BBBB-6EB7-4512-825D-610039E6647F}.Debug|Any CPU.Build.0 = Debug|Any CPU
		{32D8BBBB-6EB7-4512-825D-610039E6647F}.Release|Any CPU.ActiveCfg = Release|Any CPU
		{32D8BBBB-6EB7-4512-825D-610039E6647F}.Release|Any CPU.Build.0 = Release|Any CPU
	EndGlobalSection
	GlobalSection(SolutionProperties) = preSolution
		HideSolutionNode = FALSE
	EndGlobalSection
	GlobalSection(ExtensibilityGlobals) = postSolution
		SolutionGuid = {F3D507BB-F3F6-4E42-A1CE-B3D013AA9E0E}
	EndGlobalSection
EndGlobal
